
Microsoft Visual Studio Solution File, Format Version 12.00
# Visual Studio Version 16
VisualStudioVersion = 16.0.29311.281
MinimumVisualStudioVersion = 10.0.40219.1
Project("{9A19103F-16F7-4668-BE54-9A1E7A4F7556}") = "Shockky", "Shockky\Shockky.csproj", "{0F807D73-1838-4227-B6D3-932D83E99D9C}"
EndProject
Project("{9A19103F-16F7-4668-BE54-9A1E7A4F7556}") = "Shockky.Sandbox", "Shockky.Sandbox\Shockky.Sandbox.csproj", "{0BD542DD-87A2-4BAD-8528-87D209C48BE5}"
EndProject
Global
	GlobalSection(SolutionConfigurationPlatforms) = preSolution
		Debug|Any CPU = Debug|Any CPU
		Release|Any CPU = Release|Any CPU
	EndGlobalSection
	GlobalSection(ProjectConfigurationPlatforms) = postSolution
		{0F807D73-1838-4227-B6D3-932D83E99D9C}.Debug|Any CPU.ActiveCfg = Debug|Any CPU
		{0F807D73-1838-4227-B6D3-932D83E99D9C}.Debug|Any CPU.Build.0 = Debug|Any CPU
		{0F807D73-1838-4227-B6D3-932D83E99D9C}.Release|Any CPU.ActiveCfg = Release|Any CPU
		{0F807D73-1838-4227-B6D3-932D83E99D9C}.Release|Any CPU.Build.0 = Release|Any CPU
		{0BD542DD-87A2-4BAD-8528-87D209C48BE5}.Debug|Any CPU.ActiveCfg = Debug|Any CPU
		{0BD542DD-87A2-4BAD-8528-87D209C48BE5}.Debug|Any CPU.Build.0 = Debug|Any CPU
		{0BD542DD-87A2-4BAD-8528-87D209C48BE5}.Release|Any CPU.ActiveCfg = Release|Any CPU
		{0BD542DD-87A2-4BAD-8528-87D209C48BE5}.Release|Any CPU.Build.0 = Release|Any CPU
	EndGlobalSection
	GlobalSection(SolutionProperties) = preSolution
		HideSolutionNode = FALSE
	EndGlobalSection
	GlobalSection(ExtensibilityGlobals) = postSolution
		SolutionGuid = {EAF298B9-3BD4-49FD-A9B3-418083B55ECC}
	EndGlobalSection
	GlobalSection(Performance) = preSolution
		HasPerformanceSessions = true
	EndGlobalSection
EndGlobal
